// !$*UTF8*$!
{
	archiveVersion = 1;
	classes = {
	};
	objectVersion = 50;
	objects = {

/* Begin PBXBuildFile section */
		EF19B0712130770400A62893 /* User.swift in Sources */ = {isa = PBXBuildFile; fileRef = EF19B0702130770400A62893 /* User.swift */; };
		EF19B0732130B2D200A62893 /* FirebaseUtils.swift in Sources */ = {isa = PBXBuildFile; fileRef = EF19B0722130B2D200A62893 /* FirebaseUtils.swift */; };
		EF19B0762130B66000A62893 /* UserSearchController.swift in Sources */ = {isa = PBXBuildFile; fileRef = EF19B0752130B66000A62893 /* UserSearchController.swift */; };
		EF19B0782130BE5000A62893 /* UserSearchCell.swift in Sources */ = {isa = PBXBuildFile; fileRef = EF19B0772130BE5000A62893 /* UserSearchCell.swift */; };
		EF43E2D7211101A1004E0F90 /* GoogleService-Info.plist in Resources */ = {isa = PBXBuildFile; fileRef = EF43E2D6211101A1004E0F90 /* GoogleService-Info.plist */; };
		EF46B6EE211F133000303E92 /* PhotoSelectorController.swift in Sources */ = {isa = PBXBuildFile; fileRef = EF46B6ED211F133000303E92 /* PhotoSelectorController.swift */; };
		EF4A1A47212226290010C6FD /* PhotoSelectorCell.swift in Sources */ = {isa = PBXBuildFile; fileRef = EF4A1A46212226290010C6FD /* PhotoSelectorCell.swift */; };
		EF4A1A4921222B9C0010C6FD /* PhotoSelectorHeader.swift in Sources */ = {isa = PBXBuildFile; fileRef = EF4A1A4821222B9C0010C6FD /* PhotoSelectorHeader.swift */; };
		EF4A1A4B212235590010C6FD /* SharePhotoController.swift in Sources */ = {isa = PBXBuildFile; fileRef = EF4A1A4A212235590010C6FD /* SharePhotoController.swift */; };
		EF59B6C02114AD5D007654A1 /* LoginController.swift in Sources */ = {isa = PBXBuildFile; fileRef = EF59B6BF2114AD5D007654A1 /* LoginController.swift */; };
		EF6247872111E06700A45936 /* MainTabBarController.swift in Sources */ = {isa = PBXBuildFile; fileRef = EF6247862111E06700A45936 /* MainTabBarController.swift */; };
		EF6247892111E2FF00A45936 /* UserProfileController.swift in Sources */ = {isa = PBXBuildFile; fileRef = EF6247882111E2FF00A45936 /* UserProfileController.swift */; };
		EF62478C2112067500A45936 /* UserProfileHeader.swift in Sources */ = {isa = PBXBuildFile; fileRef = EF62478B2112067500A45936 /* UserProfileHeader.swift */; };
		EF6D3D7F21383036000E9F6A /* PreviewPhotoContainerView.swift in Sources */ = {isa = PBXBuildFile; fileRef = EF6D3D7E21383036000E9F6A /* PreviewPhotoContainerView.swift */; };
		EF6D3D812138954F000E9F6A /* CustomAnimationPresenter.swift in Sources */ = {isa = PBXBuildFile; fileRef = EF6D3D802138954F000E9F6A /* CustomAnimationPresenter.swift */; };
		EF78046721235A360061E6FA /* Post.swift in Sources */ = {isa = PBXBuildFile; fileRef = EF78046621235A360061E6FA /* Post.swift */; };
		EF78046921235CBB0061E6FA /* UserProfilePhotoCell.swift in Sources */ = {isa = PBXBuildFile; fileRef = EF78046821235CBB0061E6FA /* UserProfilePhotoCell.swift */; };
		EF78046C212371780061E6FA /* CustomImageView.swift in Sources */ = {isa = PBXBuildFile; fileRef = EF78046B212371780061E6FA /* CustomImageView.swift */; };
		EF8DC8BB21245872002FD434 /* HomeController.swift in Sources */ = {isa = PBXBuildFile; fileRef = EF8DC8BA21245872002FD434 /* HomeController.swift */; };
		EF8DC8BD2124602E002FD434 /* HomePostCell.swift in Sources */ = {isa = PBXBuildFile; fileRef = EF8DC8BC2124602E002FD434 /* HomePostCell.swift */; };
		EFAE13472136D84F0057CF02 /* CameraController.swift in Sources */ = {isa = PBXBuildFile; fileRef = EFAE13462136D84F0057CF02 /* CameraController.swift */; };
		EFD47782210FC85400725264 /* Extensions.swift in Sources */ = {isa = PBXBuildFile; fileRef = EFD47781210FC85400725264 /* Extensions.swift */; };
		EFE501A921397C9200FEF942 /* CustomAnimationDismisser.swift in Sources */ = {isa = PBXBuildFile; fileRef = EFE501A821397C9200FEF942 /* CustomAnimationDismisser.swift */; };
		EFE7653C210F9900000F93DF /* AppDelegate.swift in Sources */ = {isa = PBXBuildFile; fileRef = EFE7653B210F9900000F93DF /* AppDelegate.swift */; };
		EFE7653E210F9900000F93DF /* SignUpController.swift in Sources */ = {isa = PBXBuildFile; fileRef = EFE7653D210F9900000F93DF /* SignUpController.swift */; };
		EFE76541210F9900000F93DF /* Main.storyboard in Resources */ = {isa = PBXBuildFile; fileRef = EFE7653F210F9900000F93DF /* Main.storyboard */; };
		EFE76543210F9900000F93DF /* Assets.xcassets in Resources */ = {isa = PBXBuildFile; fileRef = EFE76542210F9900000F93DF /* Assets.xcassets */; };
		EFE76546210F9900000F93DF /* LaunchScreen.storyboard in Resources */ = {isa = PBXBuildFile; fileRef = EFE76544210F9900000F93DF /* LaunchScreen.storyboard */; };
		EFF0FF73213ACB90005ED93D /* CommentController.swift in Sources */ = {isa = PBXBuildFile; fileRef = EFF0FF72213ACB90005ED93D /* CommentController.swift */; };
		F5640BC03BFC6274CA8B7887 /* Pods_Victagram.framework in Frameworks */ = {isa = PBXBuildFile; fileRef = 7C27A646044EEA8CD8BECDFF /* Pods_Victagram.framework */; };
/* End PBXBuildFile section */

/* Begin PBXFileReference section */
		7C27A646044EEA8CD8BECDFF /* Pods_Victagram.framework */ = {isa = PBXFileReference; explicitFileType = wrapper.framework; includeInIndex = 0; path = Pods_Victagram.framework; sourceTree = BUILT_PRODUCTS_DIR; };
		7E1E956BBB5102EF1BC53408 /* Pods-Victagram.release.xcconfig */ = {isa = PBXFileReference; includeInIndex = 1; lastKnownFileType = text.xcconfig; name = "Pods-Victagram.release.xcconfig"; path = "Pods/Target Support Files/Pods-Victagram/Pods-Victagram.release.xcconfig"; sourceTree = "<group>"; };
		A624EBCE6722C464567A8F3F /* Pods-Victagram.debug.xcconfig */ = {isa = PBXFileReference; includeInIndex = 1; lastKnownFileType = text.xcconfig; name = "Pods-Victagram.debug.xcconfig"; path = "Pods/Target Support Files/Pods-Victagram/Pods-Victagram.debug.xcconfig"; sourceTree = "<group>"; };
		EF19B0702130770400A62893 /* User.swift */ = {isa = PBXFileReference; lastKnownFileType = sourcecode.swift; path = User.swift; sourceTree = "<group>"; };
		EF19B0722130B2D200A62893 /* FirebaseUtils.swift */ = {isa = PBXFileReference; lastKnownFileType = sourcecode.swift; path = FirebaseUtils.swift; sourceTree = "<group>"; };
		EF19B0752130B66000A62893 /* UserSearchController.swift */ = {isa = PBXFileReference; lastKnownFileType = sourcecode.swift; path = UserSearchController.swift; sourceTree = "<group>"; };
		EF19B0772130BE5000A62893 /* UserSearchCell.swift */ = {isa = PBXFileReference; lastKnownFileType = sourcecode.swift; path = UserSearchCell.swift; sourceTree = "<group>"; };
		EF43E2D6211101A1004E0F90 /* GoogleService-Info.plist */ = {isa = PBXFileReference; fileEncoding = 4; lastKnownFileType = text.plist.xml; path = "GoogleService-Info.plist"; sourceTree = "<group>"; };
		EF46B6ED211F133000303E92 /* PhotoSelectorController.swift */ = {isa = PBXFileReference; lastKnownFileType = sourcecode.swift; path = PhotoSelectorController.swift; sourceTree = "<group>"; };
		EF4A1A46212226290010C6FD /* PhotoSelectorCell.swift */ = {isa = PBXFileReference; lastKnownFileType = sourcecode.swift; path = PhotoSelectorCell.swift; sourceTree = "<group>"; };
		EF4A1A4821222B9C0010C6FD /* PhotoSelectorHeader.swift */ = {isa = PBXFileReference; lastKnownFileType = sourcecode.swift; path = PhotoSelectorHeader.swift; sourceTree = "<group>"; };
		EF4A1A4A212235590010C6FD /* SharePhotoController.swift */ = {isa = PBXFileReference; lastKnownFileType = sourcecode.swift; path = SharePhotoController.swift; sourceTree = "<group>"; };
		EF59B6BF2114AD5D007654A1 /* LoginController.swift */ = {isa = PBXFileReference; lastKnownFileType = sourcecode.swift; path = LoginController.swift; sourceTree = "<group>"; };
		EF6247862111E06700A45936 /* MainTabBarController.swift */ = {isa = PBXFileReference; lastKnownFileType = sourcecode.swift; path = MainTabBarController.swift; sourceTree = "<group>"; };
		EF6247882111E2FF00A45936 /* UserProfileController.swift */ = {isa = PBXFileReference; lastKnownFileType = sourcecode.swift; path = UserProfileController.swift; sourceTree = "<group>"; };
		EF62478B2112067500A45936 /* UserProfileHeader.swift */ = {isa = PBXFileReference; lastKnownFileType = sourcecode.swift; path = UserProfileHeader.swift; sourceTree = "<group>"; };
		EF6D3D7E21383036000E9F6A /* PreviewPhotoContainerView.swift */ = {isa = PBXFileReference; lastKnownFileType = sourcecode.swift; path = PreviewPhotoContainerView.swift; sourceTree = "<group>"; };
		EF6D3D802138954F000E9F6A /* CustomAnimationPresenter.swift */ = {isa = PBXFileReference; lastKnownFileType = sourcecode.swift; path = CustomAnimationPresenter.swift; sourceTree = "<group>"; };
		EF78046621235A360061E6FA /* Post.swift */ = {isa = PBXFileReference; lastKnownFileType = sourcecode.swift; path = Post.swift; sourceTree = "<group>"; };
		EF78046821235CBB0061E6FA /* UserProfilePhotoCell.swift */ = {isa = PBXFileReference; lastKnownFileType = sourcecode.swift; path = UserProfilePhotoCell.swift; sourceTree = "<group>"; };
		EF78046B212371780061E6FA /* CustomImageView.swift */ = {isa = PBXFileReference; lastKnownFileType = sourcecode.swift; path = CustomImageView.swift; sourceTree = "<group>"; };
		EF8DC8BA21245872002FD434 /* HomeController.swift */ = {isa = PBXFileReference; lastKnownFileType = sourcecode.swift; path = HomeController.swift; sourceTree = "<group>"; };
		EF8DC8BC2124602E002FD434 /* HomePostCell.swift */ = {isa = PBXFileReference; lastKnownFileType = sourcecode.swift; path = HomePostCell.swift; sourceTree = "<group>"; };
		EFAE13462136D84F0057CF02 /* CameraController.swift */ = {isa = PBXFileReference; lastKnownFileType = sourcecode.swift; path = CameraController.swift; sourceTree = "<group>"; };
		EFD47781210FC85400725264 /* Extensions.swift */ = {isa = PBXFileReference; lastKnownFileType = sourcecode.swift; path = Extensions.swift; sourceTree = "<group>"; };
		EFE501A821397C9200FEF942 /* CustomAnimationDismisser.swift */ = {isa = PBXFileReference; lastKnownFileType = sourcecode.swift; path = CustomAnimationDismisser.swift; sourceTree = "<group>"; };
		EFE76538210F98FF000F93DF /* Victagram.app */ = {isa = PBXFileReference; explicitFileType = wrapper.application; includeInIndex = 0; path = Victagram.app; sourceTree = BUILT_PRODUCTS_DIR; };
		EFE7653B210F9900000F93DF /* AppDelegate.swift */ = {isa = PBXFileReference; lastKnownFileType = sourcecode.swift; path = AppDelegate.swift; sourceTree = "<group>"; };
		EFE7653D210F9900000F93DF /* SignUpController.swift */ = {isa = PBXFileReference; lastKnownFileType = sourcecode.swift; path = SignUpController.swift; sourceTree = "<group>"; };
		EFE76540210F9900000F93DF /* Base */ = {isa = PBXFileReference; lastKnownFileType = file.storyboard; name = Base; path = Base.lproj/Main.storyboard; sourceTree = "<group>"; };
		EFE76542210F9900000F93DF /* Assets.xcassets */ = {isa = PBXFileReference; lastKnownFileType = folder.assetcatalog; path = Assets.xcassets; sourceTree = "<group>"; };
		EFE76545210F9900000F93DF /* Base */ = {isa = PBXFileReference; lastKnownFileType = file.storyboard; name = Base; path = Base.lproj/LaunchScreen.storyboard; sourceTree = "<group>"; };
		EFE76547210F9901000F93DF /* Info.plist */ = {isa = PBXFileReference; lastKnownFileType = text.plist.xml; path = Info.plist; sourceTree = "<group>"; };
		EFF0FF72213ACB90005ED93D /* CommentController.swift */ = {isa = PBXFileReference; lastKnownFileType = sourcecode.swift; path = CommentController.swift; sourceTree = "<group>"; };
/* End PBXFileReference section */

/* Begin PBXFrameworksBuildPhase section */
		EFE76535210F98FF000F93DF /* Frameworks */ = {
			isa = PBXFrameworksBuildPhase;
			buildActionMask = 2147483647;
			files = (
				F5640BC03BFC6274CA8B7887 /* Pods_Victagram.framework in Frameworks */,
			);
			runOnlyForDeploymentPostprocessing = 0;
		};
/* End PBXFrameworksBuildPhase section */

/* Begin PBXGroup section */
		701674F7E507155D92770CC7 /* Frameworks */ = {
			isa = PBXGroup;
			children = (
				7C27A646044EEA8CD8BECDFF /* Pods_Victagram.framework */,
			);
			name = Frameworks;
			sourceTree = "<group>";
		};
		C827218E925D07C2622807FC /* Pods */ = {
			isa = PBXGroup;
			children = (
				A624EBCE6722C464567A8F3F /* Pods-Victagram.debug.xcconfig */,
				7E1E956BBB5102EF1BC53408 /* Pods-Victagram.release.xcconfig */,
			);
			name = Pods;
			sourceTree = "<group>";
		};
		EF19B0742130B65500A62893 /* Search */ = {
			isa = PBXGroup;
			children = (
				EF19B0752130B66000A62893 /* UserSearchController.swift */,
				EF19B0772130BE5000A62893 /* UserSearchCell.swift */,
			);
			path = Search;
			sourceTree = "<group>";
		};
		EF46B6EC211F130300303E92 /* Add Photo */ = {
			isa = PBXGroup;
			children = (
				EF46B6ED211F133000303E92 /* PhotoSelectorController.swift */,
				EF4A1A46212226290010C6FD /* PhotoSelectorCell.swift */,
				EF4A1A4821222B9C0010C6FD /* PhotoSelectorHeader.swift */,
				EF4A1A4A212235590010C6FD /* SharePhotoController.swift */,
			);
			path = "Add Photo";
			sourceTree = "<group>";
		};
		EF59B6BE2114AD24007654A1 /* Login */ = {
			isa = PBXGroup;
			children = (
				EF59B6BF2114AD5D007654A1 /* LoginController.swift */,
				EFE7653D210F9900000F93DF /* SignUpController.swift */,
			);
			path = Login;
			sourceTree = "<group>";
		};
		EF62478A2112065F00A45936 /* UserProfile */ = {
			isa = PBXGroup;
			children = (
				EF6247882111E2FF00A45936 /* UserProfileController.swift */,
				EF62478B2112067500A45936 /* UserProfileHeader.swift */,
				EF78046821235CBB0061E6FA /* UserProfilePhotoCell.swift */,
			);
			path = UserProfile;
			sourceTree = "<group>";
		};
		EF78046521235A250061E6FA /* Model */ = {
			isa = PBXGroup;
			children = (
				EF78046621235A360061E6FA /* Post.swift */,
				EF19B0702130770400A62893 /* User.swift */,
			);
			path = Model;
			sourceTree = "<group>";
		};
		EF78046A212371560061E6FA /* Utils */ = {
			isa = PBXGroup;
			children = (
				EFD47781210FC85400725264 /* Extensions.swift */,
				EF78046B212371780061E6FA /* CustomImageView.swift */,
				EF19B0722130B2D200A62893 /* FirebaseUtils.swift */,
			);
			path = Utils;
			sourceTree = "<group>";
		};
		EF8DC8B921245862002FD434 /* Home */ = {
			isa = PBXGroup;
			children = (
				EF8DC8BA21245872002FD434 /* HomeController.swift */,
				EF8DC8BC2124602E002FD434 /* HomePostCell.swift */,
				EFF0FF72213ACB90005ED93D /* CommentController.swift */,
			);
			path = Home;
			sourceTree = "<group>";
		};
		EFAE13452136D8420057CF02 /* Camera */ = {
			isa = PBXGroup;
			children = (
				EFAE13462136D84F0057CF02 /* CameraController.swift */,
				EF6D3D7E21383036000E9F6A /* PreviewPhotoContainerView.swift */,
				EF6D3D802138954F000E9F6A /* CustomAnimationPresenter.swift */,
				EFE501A821397C9200FEF942 /* CustomAnimationDismisser.swift */,
			);
			path = Camera;
			sourceTree = "<group>";
		};
		EFE7652F210F98FF000F93DF = {
			isa = PBXGroup;
			children = (
				EFE7653A210F98FF000F93DF /* Victagram */,
				EFE76539210F98FF000F93DF /* Products */,
				C827218E925D07C2622807FC /* Pods */,
				701674F7E507155D92770CC7 /* Frameworks */,
			);
			sourceTree = "<group>";
		};
		EFE76539210F98FF000F93DF /* Products */ = {
			isa = PBXGroup;
			children = (
				EFE76538210F98FF000F93DF /* Victagram.app */,
			);
			name = Products;
			sourceTree = "<group>";
		};
		EFE7653A210F98FF000F93DF /* Victagram */ = {
			isa = PBXGroup;
			children = (
				EFAE13452136D8420057CF02 /* Camera */,
				EF19B0742130B65500A62893 /* Search */,
				EF8DC8B921245862002FD434 /* Home */,
				EF78046521235A250061E6FA /* Model */,
				EF46B6EC211F130300303E92 /* Add Photo */,
				EF59B6BE2114AD24007654A1 /* Login */,
				EF62478A2112065F00A45936 /* UserProfile */,
				EF78046A212371560061E6FA /* Utils */,
				EFE7653B210F9900000F93DF /* AppDelegate.swift */,
				EF6247862111E06700A45936 /* MainTabBarController.swift */,
				EFE7653F210F9900000F93DF /* Main.storyboard */,
				EFE76542210F9900000F93DF /* Assets.xcassets */,
				EFE76544210F9900000F93DF /* LaunchScreen.storyboard */,
				EFE76547210F9901000F93DF /* Info.plist */,
				EF43E2D6211101A1004E0F90 /* GoogleService-Info.plist */,
			);
			path = Victagram;
			sourceTree = "<group>";
		};
/* End PBXGroup section */

/* Begin PBXNativeTarget section */
		EFE76537210F98FF000F93DF /* Victagram */ = {
			isa = PBXNativeTarget;
			buildConfigurationList = EFE7654A210F9901000F93DF /* Build configuration list for PBXNativeTarget "Victagram" */;
			buildPhases = (
				FF15F869AB75CD2510590E4C /* [CP] Check Pods Manifest.lock */,
				EFE76534210F98FF000F93DF /* Sources */,
				EFE76535210F98FF000F93DF /* Frameworks */,
				EFE76536210F98FF000F93DF /* Resources */,
				EBE9E8B27CF75DFDD8566D65 /* [CP] Embed Pods Frameworks */,
			);
			buildRules = (
			);
			dependencies = (
			);
			name = Victagram;
			productName = Victagram;
			productReference = EFE76538210F98FF000F93DF /* Victagram.app */;
			productType = "com.apple.product-type.application";
		};
/* End PBXNativeTarget section */

/* Begin PBXProject section */
		EFE76530210F98FF000F93DF /* Project object */ = {
			isa = PBXProject;
			attributes = {
				LastSwiftUpdateCheck = 0930;
				LastUpgradeCheck = 0930;
				ORGANIZATIONNAME = "Victor Chang";
				TargetAttributes = {
					EFE76537210F98FF000F93DF = {
						CreatedOnToolsVersion = 9.3;
					};
				};
			};
			buildConfigurationList = EFE76533210F98FF000F93DF /* Build configuration list for PBXProject "Victagram" */;
			compatibilityVersion = "Xcode 9.3";
			developmentRegion = en;
			hasScannedForEncodings = 0;
			knownRegions = (
				en,
				Base,
			);
			mainGroup = EFE7652F210F98FF000F93DF;
			productRefGroup = EFE76539210F98FF000F93DF /* Products */;
			projectDirPath = "";
			projectRoot = "";
			targets = (
				EFE76537210F98FF000F93DF /* Victagram */,
			);
		};
/* End PBXProject section */

/* Begin PBXResourcesBuildPhase section */
		EFE76536210F98FF000F93DF /* Resources */ = {
			isa = PBXResourcesBuildPhase;
			buildActionMask = 2147483647;
			files = (
				EFE76546210F9900000F93DF /* LaunchScreen.storyboard in Resources */,
				EF43E2D7211101A1004E0F90 /* GoogleService-Info.plist in Resources */,
				EFE76543210F9900000F93DF /* Assets.xcassets in Resources */,
				EFE76541210F9900000F93DF /* Main.storyboard in Resources */,
			);
			runOnlyForDeploymentPostprocessing = 0;
		};
/* End PBXResourcesBuildPhase section */

/* Begin PBXShellScriptBuildPhase section */
		EBE9E8B27CF75DFDD8566D65 /* [CP] Embed Pods Frameworks */ = {
			isa = PBXShellScriptBuildPhase;
			buildActionMask = 2147483647;
			files = (
			);
			inputPaths = (
				"${SRCROOT}/Pods/Target Support Files/Pods-Victagram/Pods-Victagram-frameworks.sh",
				"${BUILT_PRODUCTS_DIR}/GTMSessionFetcher/GTMSessionFetcher.framework",
				"${BUILT_PRODUCTS_DIR}/GoogleToolboxForMac/GoogleToolboxForMac.framework",
				"${BUILT_PRODUCTS_DIR}/leveldb-library/leveldb.framework",
				"${BUILT_PRODUCTS_DIR}/nanopb/nanopb.framework",
			);
			name = "[CP] Embed Pods Frameworks";
			outputPaths = (
				"${TARGET_BUILD_DIR}/${FRAMEWORKS_FOLDER_PATH}/GTMSessionFetcher.framework",
				"${TARGET_BUILD_DIR}/${FRAMEWORKS_FOLDER_PATH}/GoogleToolboxForMac.framework",
				"${TARGET_BUILD_DIR}/${FRAMEWORKS_FOLDER_PATH}/leveldb.framework",
				"${TARGET_BUILD_DIR}/${FRAMEWORKS_FOLDER_PATH}/nanopb.framework",
			);
			runOnlyForDeploymentPostprocessing = 0;
			shellPath = /bin/sh;
			shellScript = "\"${SRCROOT}/Pods/Target Support Files/Pods-Victagram/Pods-Victagram-frameworks.sh\"\n";
			showEnvVarsInLog = 0;
		};
		FF15F869AB75CD2510590E4C /* [CP] Check Pods Manifest.lock */ = {
			isa = PBXShellScriptBuildPhase;
			buildActionMask = 2147483647;
			files = (
			);
			inputPaths = (
				"${PODS_PODFILE_DIR_PATH}/Podfile.lock",
				"${PODS_ROOT}/Manifest.lock",
			);
			name = "[CP] Check Pods Manifest.lock";
			outputPaths = (
				"$(DERIVED_FILE_DIR)/Pods-Victagram-checkManifestLockResult.txt",
			);
			runOnlyForDeploymentPostprocessing = 0;
			shellPath = /bin/sh;
			shellScript = "diff \"${PODS_PODFILE_DIR_PATH}/Podfile.lock\" \"${PODS_ROOT}/Manifest.lock\" > /dev/null\nif [ $? != 0 ] ; then\n    # print error to STDERR\n    echo \"error: The sandbox is not in sync with the Podfile.lock. Run 'pod install' or update your CocoaPods installation.\" >&2\n    exit 1\nfi\n# This output is used by Xcode 'outputs' to avoid re-running this script phase.\necho \"SUCCESS\" > \"${SCRIPT_OUTPUT_FILE_0}\"\n";
			showEnvVarsInLog = 0;
		};
/* End PBXShellScriptBuildPhase section */

/* Begin PBXSourcesBuildPhase section */
		EFE76534210F98FF000F93DF /* Sources */ = {
			isa = PBXSourcesBuildPhase;
			buildActionMask = 2147483647;
			files = (
				EF19B0782130BE5000A62893 /* UserSearchCell.swift in Sources */,
				EF19B0732130B2D200A62893 /* FirebaseUtils.swift in Sources */,
				EF4A1A4B212235590010C6FD /* SharePhotoController.swift in Sources */,
				EFE7653E210F9900000F93DF /* SignUpController.swift in Sources */,
				EF4A1A47212226290010C6FD /* PhotoSelectorCell.swift in Sources */,
				EF78046C212371780061E6FA /* CustomImageView.swift in Sources */,
				EF6D3D812138954F000E9F6A /* CustomAnimationPresenter.swift in Sources */,
				EF78046721235A360061E6FA /* Post.swift in Sources */,
				EF19B0762130B66000A62893 /* UserSearchController.swift in Sources */,
				EFD47782210FC85400725264 /* Extensions.swift in Sources */,
				EFAE13472136D84F0057CF02 /* CameraController.swift in Sources */,
				EFF0FF73213ACB90005ED93D /* CommentController.swift in Sources */,
				EF78046921235CBB0061E6FA /* UserProfilePhotoCell.swift in Sources */,
				EF19B0712130770400A62893 /* User.swift in Sources */,
				EF6247872111E06700A45936 /* MainTabBarController.swift in Sources */,
				EF62478C2112067500A45936 /* UserProfileHeader.swift in Sources */,
				EF6247892111E2FF00A45936 /* UserProfileController.swift in Sources */,
				EFE7653C210F9900000F93DF /* AppDelegate.swift in Sources */,
				EF6D3D7F21383036000E9F6A /* PreviewPhotoContainerView.swift in Sources */,
				EF59B6C02114AD5D007654A1 /* LoginController.swift in Sources */,
				EF8DC8BD2124602E002FD434 /* HomePostCell.swift in Sources */,
				EF4A1A4921222B9C0010C6FD /* PhotoSelectorHeader.swift in Sources */,
				EFE501A921397C9200FEF942 /* CustomAnimationDismisser.swift in Sources */,
				EF46B6EE211F133000303E92 /* PhotoSelectorController.swift in Sources */,
				EF8DC8BB21245872002FD434 /* HomeController.swift in Sources */,
			);
			runOnlyForDeploymentPostprocessing = 0;
		};
/* End PBXSourcesBuildPhase section */

/* Begin PBXVariantGroup section */
		EFE7653F210F9900000F93DF /* Main.storyboard */ = {
			isa = PBXVariantGroup;
			children = (
				EFE76540210F9900000F93DF /* Base */,
			);
			name = Main.storyboard;
			sourceTree = "<group>";
		};
		EFE76544210F9900000F93DF /* LaunchScreen.storyboard */ = {
			isa = PBXVariantGroup;
			children = (
				EFE76545210F9900000F93DF /* Base */,
			);
			name = LaunchScreen.storyboard;
			sourceTree = "<group>";
		};
/* End PBXVariantGroup section */

/* Begin XCBuildConfiguration section */
		EFE76548210F9901000F93DF /* Debug */ = {
			isa = XCBuildConfiguration;
			buildSettings = {
				ALWAYS_SEARCH_USER_PATHS = NO;
				CLANG_ANALYZER_NONNULL = YES;
				CLANG_ANALYZER_NUMBER_OBJECT_CONVERSION = YES_AGGRESSIVE;
				CLANG_CXX_LANGUAGE_STANDARD = "gnu++14";
				CLANG_CXX_LIBRARY = "libc++";
				CLANG_ENABLE_MODULES = YES;
				CLANG_ENABLE_OBJC_ARC = YES;
				CLANG_ENABLE_OBJC_WEAK = YES;
				CLANG_WARN_BLOCK_CAPTURE_AUTORELEASING = YES;
				CLANG_WARN_BOOL_CONVERSION = YES;
				CLANG_WARN_COMMA = YES;
				CLANG_WARN_CONSTANT_CONVERSION = YES;
				CLANG_WARN_DEPRECATED_OBJC_IMPLEMENTATIONS = YES;
				CLANG_WARN_DIRECT_OBJC_ISA_USAGE = YES_ERROR;
				CLANG_WARN_DOCUMENTATION_COMMENTS = YES;
				CLANG_WARN_EMPTY_BODY = YES;
				CLANG_WARN_ENUM_CONVERSION = YES;
				CLANG_WARN_INFINITE_RECURSION = YES;
				CLANG_WARN_INT_CONVERSION = YES;
				CLANG_WARN_NON_LITERAL_NULL_CONVERSION = YES;
				CLANG_WARN_OBJC_IMPLICIT_RETAIN_SELF = YES;
				CLANG_WARN_OBJC_LITERAL_CONVERSION = YES;
				CLANG_WARN_OBJC_ROOT_CLASS = YES_ERROR;
				CLANG_WARN_RANGE_LOOP_ANALYSIS = YES;
				CLANG_WARN_STRICT_PROTOTYPES = YES;
				CLANG_WARN_SUSPICIOUS_MOVE = YES;
				CLANG_WARN_UNGUARDED_AVAILABILITY = YES_AGGRESSIVE;
				CLANG_WARN_UNREACHABLE_CODE = YES;
				CLANG_WARN__DUPLICATE_METHOD_MATCH = YES;
				CODE_SIGN_IDENTITY = "iPhone Developer";
				COPY_PHASE_STRIP = NO;
				DEBUG_INFORMATION_FORMAT = dwarf;
				ENABLE_STRICT_OBJC_MSGSEND = YES;
				ENABLE_TESTABILITY = YES;
				GCC_C_LANGUAGE_STANDARD = gnu11;
				GCC_DYNAMIC_NO_PIC = NO;
				GCC_NO_COMMON_BLOCKS = YES;
				GCC_OPTIMIZATION_LEVEL = 0;
				GCC_PREPROCESSOR_DEFINITIONS = (
					"DEBUG=1",
					"$(inherited)",
				);
				GCC_WARN_64_TO_32_BIT_CONVERSION = YES;
				GCC_WARN_ABOUT_RETURN_TYPE = YES_ERROR;
				GCC_WARN_UNDECLARED_SELECTOR = YES;
				GCC_WARN_UNINITIALIZED_AUTOS = YES_AGGRESSIVE;
				GCC_WARN_UNUSED_FUNCTION = YES;
				GCC_WARN_UNUSED_VARIABLE = YES;
				IPHONEOS_DEPLOYMENT_TARGET = 11.3;
				MTL_ENABLE_DEBUG_INFO = YES;
				ONLY_ACTIVE_ARCH = YES;
				SDKROOT = iphoneos;
				SWIFT_ACTIVE_COMPILATION_CONDITIONS = DEBUG;
				SWIFT_OPTIMIZATION_LEVEL = "-Onone";
			};
			name = Debug;
		};
		EFE76549210F9901000F93DF /* Release */ = {
			isa = XCBuildConfiguration;
			buildSettings = {
				ALWAYS_SEARCH_USER_PATHS = NO;
				CLANG_ANALYZER_NONNULL = YES;
				CLANG_ANALYZER_NUMBER_OBJECT_CONVERSION = YES_AGGRESSIVE;
				CLANG_CXX_LANGUAGE_STANDARD = "gnu++14";
				CLANG_CXX_LIBRARY = "libc++";
				CLANG_ENABLE_MODULES = YES;
				CLANG_ENABLE_OBJC_ARC = YES;
				CLANG_ENABLE_OBJC_WEAK = YES;
				CLANG_WARN_BLOCK_CAPTURE_AUTORELEASING = YES;
				CLANG_WARN_BOOL_CONVERSION = YES;
				CLANG_WARN_COMMA = YES;
				CLANG_WARN_CONSTANT_CONVERSION = YES;
				CLANG_WARN_DEPRECATED_OBJC_IMPLEMENTATIONS = YES;
				CLANG_WARN_DIRECT_OBJC_ISA_USAGE = YES_ERROR;
				CLANG_WARN_DOCUMENTATION_COMMENTS = YES;
				CLANG_WARN_EMPTY_BODY = YES;
				CLANG_WARN_ENUM_CONVERSION = YES;
				CLANG_WARN_INFINITE_RECURSION = YES;
				CLANG_WARN_INT_CONVERSION = YES;
				CLANG_WARN_NON_LITERAL_NULL_CONVERSION = YES;
				CLANG_WARN_OBJC_IMPLICIT_RETAIN_SELF = YES;
				CLANG_WARN_OBJC_LITERAL_CONVERSION = YES;
				CLANG_WARN_OBJC_ROOT_CLASS = YES_ERROR;
				CLANG_WARN_RANGE_LOOP_ANALYSIS = YES;
				CLANG_WARN_STRICT_PROTOTYPES = YES;
				CLANG_WARN_SUSPICIOUS_MOVE = YES;
				CLANG_WARN_UNGUARDED_AVAILABILITY = YES_AGGRESSIVE;
				CLANG_WARN_UNREACHABLE_CODE = YES;
				CLANG_WARN__DUPLICATE_METHOD_MATCH = YES;
				CODE_SIGN_IDENTITY = "iPhone Developer";
				COPY_PHASE_STRIP = NO;
				DEBUG_INFORMATION_FORMAT = "dwarf-with-dsym";
				ENABLE_NS_ASSERTIONS = NO;
				ENABLE_STRICT_OBJC_MSGSEND = YES;
				GCC_C_LANGUAGE_STANDARD = gnu11;
				GCC_NO_COMMON_BLOCKS = YES;
				GCC_WARN_64_TO_32_BIT_CONVERSION = YES;
				GCC_WARN_ABOUT_RETURN_TYPE = YES_ERROR;
				GCC_WARN_UNDECLARED_SELECTOR = YES;
				GCC_WARN_UNINITIALIZED_AUTOS = YES_AGGRESSIVE;
				GCC_WARN_UNUSED_FUNCTION = YES;
				GCC_WARN_UNUSED_VARIABLE = YES;
				IPHONEOS_DEPLOYMENT_TARGET = 11.3;
				MTL_ENABLE_DEBUG_INFO = NO;
				SDKROOT = iphoneos;
				SWIFT_COMPILATION_MODE = wholemodule;
				SWIFT_OPTIMIZATION_LEVEL = "-O";
				VALIDATE_PRODUCT = YES;
			};
			name = Release;
		};
		EFE7654B210F9901000F93DF /* Debug */ = {
			isa = XCBuildConfiguration;
			baseConfigurationReference = A624EBCE6722C464567A8F3F /* Pods-Victagram.debug.xcconfig */;
			buildSettings = {
				ASSETCATALOG_COMPILER_APPICON_NAME = AppIcon;
				CODE_SIGN_STYLE = Automatic;
				DEVELOPMENT_TEAM = XDGVKMUQS5;
				INFOPLIST_FILE = Victagram/Info.plist;
				IPHONEOS_DEPLOYMENT_TARGET = 11.4;
				LD_RUNPATH_SEARCH_PATHS = (
					"$(inherited)",
					"@executable_path/Frameworks",
				);
				PRODUCT_BUNDLE_IDENTIFIER = com.VictorChang.Victagram;
				PRODUCT_NAME = "$(TARGET_NAME)";
				SWIFT_VERSION = 4.0;
				TARGETED_DEVICE_FAMILY = "1,2";
			};
			name = Debug;
		};
		EFE7654C210F9901000F93DF /* Release */ = {
			isa = XCBuildConfiguration;
			baseConfigurationReference = 7E1E956BBB5102EF1BC53408 /* Pods-Victagram.release.xcconfig */;
			buildSettings = {
				ASSETCATALOG_COMPILER_APPICON_NAME = AppIcon;
				CODE_SIGN_STYLE = Automatic;
				DEVELOPMENT_TEAM = XDGVKMUQS5;
				INFOPLIST_FILE = Victagram/Info.plist;
				IPHONEOS_DEPLOYMENT_TARGET = 11.4;
				LD_RUNPATH_SEARCH_PATHS = (
					"$(inherited)",
					"@executable_path/Frameworks",
				);
				PRODUCT_BUNDLE_IDENTIFIER = com.VictorChang.Victagram;
				PRODUCT_NAME = "$(TARGET_NAME)";
				SWIFT_VERSION = 4.0;
				TARGETED_DEVICE_FAMILY = "1,2";
			};
			name = Release;
		};
/* End XCBuildConfiguration section */

/* Begin XCConfigurationList section */
		EFE76533210F98FF000F93DF /* Build configuration list for PBXProject "Victagram" */ = {
			isa = XCConfigurationList;
			buildConfigurations = (
				EFE76548210F9901000F93DF /* Debug */,
				EFE76549210F9901000F93DF /* Release */,
			);
			defaultConfigurationIsVisible = 0;
			defaultConfigurationName = Release;
		};
		EFE7654A210F9901000F93DF /* Build configuration list for PBXNativeTarget "Victagram" */ = {
			isa = XCConfigurationList;
			buildConfigurations = (
				EFE7654B210F9901000F93DF /* Debug */,
				EFE7654C210F9901000F93DF /* Release */,
			);
			defaultConfigurationIsVisible = 0;
			defaultConfigurationName = Release;
		};
/* End XCConfigurationList section */
	};
	rootObject = EFE76530210F98FF000F93DF /* Project object */;
}
